{
  "object": {
    "pins": [
      {
        "package": "BaseComponents",
        "repositoryURL": "https://github.com/darkbringer1/BaseComponents.git",
        "state": {
          "branch": null,
          "revision": "9142de30dfb4a88b2a6166880495601db8fb6109",
          "version": "1.0.16"
        }
      },
      {
        "package": "DefaultNetworkOperationPackage",
        "repositoryURL": "https://github.com/emircanaydin/DefaultNetworkOperationPackage",
        "state": {
          "branch": null,
          "revision": "a824c7a0db81db824f8a2db9e80781b5b4a85d10",
          "version": "1.2.1"
        }
      }
    ]
  },
  "version": 1
}
