// !$*UTF8*$!
{
	archiveVersion = 1;
	classes = {
	};
	objectVersion = 52;
	objects = {

/* Begin PBXBuildFile section */
		D856F41327083E300013A1A6 /* AppDelegate.swift in Sources */ = {isa = PBXBuildFile; fileRef = D856F41227083E300013A1A6 /* AppDelegate.swift */; };
		D856F41527083E300013A1A6 /* SceneDelegate.swift in Sources */ = {isa = PBXBuildFile; fileRef = D856F41427083E300013A1A6 /* SceneDelegate.swift */; };
		D856F41727083E300013A1A6 /* ViewController.swift in Sources */ = {isa = PBXBuildFile; fileRef = D856F41627083E300013A1A6 /* ViewController.swift */; };
		D856F41D27083E300013A1A6 /* ios_Week_3.xcdatamodeld in Sources */ = {isa = PBXBuildFile; fileRef = D856F41B27083E300013A1A6 /* ios_Week_3.xcdatamodeld */; };
		D856F41F27083E330013A1A6 /* Assets.xcassets in Resources */ = {isa = PBXBuildFile; fileRef = D856F41E27083E330013A1A6 /* Assets.xcassets */; };
		D856F42227083E330013A1A6 /* LaunchScreen.storyboard in Resources */ = {isa = PBXBuildFile; fileRef = D856F42027083E330013A1A6 /* LaunchScreen.storyboard */; };
		D856F42D27083E330013A1A6 /* ios_Week_3Tests.swift in Sources */ = {isa = PBXBuildFile; fileRef = D856F42C27083E330013A1A6 /* ios_Week_3Tests.swift */; };
		D856F43827083E330013A1A6 /* ios_Week_3UITests.swift in Sources */ = {isa = PBXBuildFile; fileRef = D856F43727083E330013A1A6 /* ios_Week_3UITests.swift */; };
		D856F448270843200013A1A6 /* MainViewModel.swift in Sources */ = {isa = PBXBuildFile; fileRef = D856F447270843200013A1A6 /* MainViewModel.swift */; };
		D856F44C2708434F0013A1A6 /* MainViewController.swift in Sources */ = {isa = PBXBuildFile; fileRef = D856F44B2708434F0013A1A6 /* MainViewController.swift */; };
		D856F44E2708435D0013A1A6 /* MainViewBuilder.swift in Sources */ = {isa = PBXBuildFile; fileRef = D856F44D2708435D0013A1A6 /* MainViewBuilder.swift */; };
		D856F459270845CA0013A1A6 /* BaseView.swift in Sources */ = {isa = PBXBuildFile; fileRef = D856F455270845CA0013A1A6 /* BaseView.swift */; };
		D856F45A270845CA0013A1A6 /* BaseViewController.swift in Sources */ = {isa = PBXBuildFile; fileRef = D856F456270845CA0013A1A6 /* BaseViewController.swift */; };
		D856F45B270845CA0013A1A6 /* GenericBaseView.swift in Sources */ = {isa = PBXBuildFile; fileRef = D856F457270845CA0013A1A6 /* GenericBaseView.swift */; };
		D856F45C270845CA0013A1A6 /* GenericValueProtocol.swift in Sources */ = {isa = PBXBuildFile; fileRef = D856F458270845CA0013A1A6 /* GenericValueProtocol.swift */; };
		D856F45E27084C040013A1A6 /* TestViewController.swift in Sources */ = {isa = PBXBuildFile; fileRef = D856F45D27084C040013A1A6 /* TestViewController.swift */; };
		D856F461270851AF0013A1A6 /* MainTabBarController.swift in Sources */ = {isa = PBXBuildFile; fileRef = D856F460270851AF0013A1A6 /* MainTabBarController.swift */; };
		D856F463270852410013A1A6 /* MainTabBarBuilder.swift in Sources */ = {isa = PBXBuildFile; fileRef = D856F462270852410013A1A6 /* MainTabBarBuilder.swift */; };
		D856F46B270859A00013A1A6 /* FavoriteViewController.swift in Sources */ = {isa = PBXBuildFile; fileRef = D856F46A270859A00013A1A6 /* FavoriteViewController.swift */; };
		D856F46E270866B00013A1A6 /* FavoriteViewModel.swift in Sources */ = {isa = PBXBuildFile; fileRef = D856F46C270866AF0013A1A6 /* FavoriteViewModel.swift */; };
		D856F46F270866B00013A1A6 /* FavoriteViewBuilder.swift in Sources */ = {isa = PBXBuildFile; fileRef = D856F46D270866AF0013A1A6 /* FavoriteViewBuilder.swift */; };
		D856F47B2708671C0013A1A6 /* TabBarImages.swift in Sources */ = {isa = PBXBuildFile; fileRef = D856F47A2708671C0013A1A6 /* TabBarImages.swift */; };
		D856F48327086D6B0013A1A6 /* CharacterListViewController.swift in Sources */ = {isa = PBXBuildFile; fileRef = D856F48227086D6B0013A1A6 /* CharacterListViewController.swift */; };
		D856F48527086D760013A1A6 /* CharacterListViewBuilder.swift in Sources */ = {isa = PBXBuildFile; fileRef = D856F48427086D760013A1A6 /* CharacterListViewBuilder.swift */; };
		D856F48727086D840013A1A6 /* CharacterListViewModel.swift in Sources */ = {isa = PBXBuildFile; fileRef = D856F48627086D840013A1A6 /* CharacterListViewModel.swift */; };
		D856F48B27086F5D0013A1A6 /* ItemListView.swift in Sources */ = {isa = PBXBuildFile; fileRef = D856F48A27086F5D0013A1A6 /* ItemListView.swift */; };
		D856F48E270870A80013A1A6 /* SampleTest.swift in Sources */ = {isa = PBXBuildFile; fileRef = D856F48D270870A80013A1A6 /* SampleTest.swift */; };
		D856F4902708A6850013A1A6 /* BaseTableViewCell.swift in Sources */ = {isa = PBXBuildFile; fileRef = D856F48F2708A6850013A1A6 /* BaseTableViewCell.swift */; };
		D856F4922708A7E70013A1A6 /* GenericDataProtocol.swift in Sources */ = {isa = PBXBuildFile; fileRef = D856F4912708A7E70013A1A6 /* GenericDataProtocol.swift */; };
		D856F4942708A8AF0013A1A6 /* ItemListProtocol.swift in Sources */ = {isa = PBXBuildFile; fileRef = D856F4932708A8AF0013A1A6 /* ItemListProtocol.swift */; };
		D856F4972708A9360013A1A6 /* ItemTableViewCell.swift in Sources */ = {isa = PBXBuildFile; fileRef = D856F4962708A9360013A1A6 /* ItemTableViewCell.swift */; };
		D856F4992708A9430013A1A6 /* ItemTableViewCellData.swift in Sources */ = {isa = PBXBuildFile; fileRef = D856F4982708A9430013A1A6 /* ItemTableViewCellData.swift */; };
		D856F49C2708AAAB0013A1A6 /* CustomImageLoadingType.swift in Sources */ = {isa = PBXBuildFile; fileRef = D856F49B2708AAAB0013A1A6 /* CustomImageLoadingType.swift */; };
		D856F49E2708AAE50013A1A6 /* CustomImageViewComponent.swift in Sources */ = {isa = PBXBuildFile; fileRef = D856F49D2708AAE50013A1A6 /* CustomImageViewComponent.swift */; };
		D856F4A02708AB5A0013A1A6 /* CustomImageViewComponentData.swift in Sources */ = {isa = PBXBuildFile; fileRef = D856F49F2708AB5A0013A1A6 /* CustomImageViewComponentData.swift */; };
		D856F4A22708BF2E0013A1A6 /* CustomImageViewComponentContainer.swift in Sources */ = {isa = PBXBuildFile; fileRef = D856F4A12708BF2E0013A1A6 /* CustomImageViewComponentContainer.swift */; };
		D856F4A52708BFB00013A1A6 /* LabelPackComponent.swift in Sources */ = {isa = PBXBuildFile; fileRef = D856F4A42708BFB00013A1A6 /* LabelPackComponent.swift */; };
		D856F4A72708BFBD0013A1A6 /* LabelPackComponentData.swift in Sources */ = {isa = PBXBuildFile; fileRef = D856F4A62708BFBD0013A1A6 /* LabelPackComponentData.swift */; };
		D856F4AB2708C00A0013A1A6 /* ImageCacheManager.swift in Sources */ = {isa = PBXBuildFile; fileRef = D856F4AA2708C00A0013A1A6 /* ImageCacheManager.swift */; };
		D856F4AE2708C0360013A1A6 /* FontManager.swift in Sources */ = {isa = PBXBuildFile; fileRef = D856F4AD2708C0360013A1A6 /* FontManager.swift */; };
		D87887422709F1AF00F0574C /* PageViewComponent.swift in Sources */ = {isa = PBXBuildFile; fileRef = D87887412709F1AF00F0574C /* PageViewComponent.swift */; };
		D87887442709F1D200F0574C /* PageViewComponentData.swift in Sources */ = {isa = PBXBuildFile; fileRef = D87887432709F1D200F0574C /* PageViewComponentData.swift */; };
		D87887472709F3E200F0574C /* GenericImageContainerData.swift in Sources */ = {isa = PBXBuildFile; fileRef = D87887462709F3E200F0574C /* GenericImageContainerData.swift */; };
		D87887492709F41000F0574C /* PageViewDataProtocol.swift in Sources */ = {isa = PBXBuildFile; fileRef = D87887482709F41000F0574C /* PageViewDataProtocol.swift */; };
		D878874B2709FABC00F0574C /* GenericImageContainerViewModel.swift in Sources */ = {isa = PBXBuildFile; fileRef = D878874A2709FABC00F0574C /* GenericImageContainerViewModel.swift */; };
		D878874D2709FBAB00F0574C /* GenericImageContainerViewBuilder.swift in Sources */ = {isa = PBXBuildFile; fileRef = D878874C2709FBAB00F0574C /* GenericImageContainerViewBuilder.swift */; };
		D878874F2709FC1100F0574C /* GenericImageContainer.swift in Sources */ = {isa = PBXBuildFile; fileRef = D878874E2709FC1100F0574C /* GenericImageContainer.swift */; };
		D87887522709FD2A00F0574C /* ViewController1.swift in Sources */ = {isa = PBXBuildFile; fileRef = D87887512709FD2A00F0574C /* ViewController1.swift */; };
		D87887542709FE7000F0574C /* ViewController2.swift in Sources */ = {isa = PBXBuildFile; fileRef = D87887532709FE7000F0574C /* ViewController2.swift */; };
		D87887562709FE9200F0574C /* ViewController3.swift in Sources */ = {isa = PBXBuildFile; fileRef = D87887552709FE9200F0574C /* ViewController3.swift */; };
		D87887582709FEA600F0574C /* ViewController4.swift in Sources */ = {isa = PBXBuildFile; fileRef = D87887572709FEA600F0574C /* ViewController4.swift */; };
		D878875A2709FEC400F0574C /* ViewContoller5.swift in Sources */ = {isa = PBXBuildFile; fileRef = D87887592709FEC400F0574C /* ViewContoller5.swift */; };
		D878875D2709FF1200F0574C /* TutorialViewController.swift in Sources */ = {isa = PBXBuildFile; fileRef = D878875C2709FF1200F0574C /* TutorialViewController.swift */; };
		D878875F2709FF3400F0574C /* TutorialViewModel.swift in Sources */ = {isa = PBXBuildFile; fileRef = D878875E2709FF3400F0574C /* TutorialViewModel.swift */; };
		D8788761270A022000F0574C /* TutorialViewBuilder.swift in Sources */ = {isa = PBXBuildFile; fileRef = D8788760270A022000F0574C /* TutorialViewBuilder.swift */; };
		D8788764270A025600F0574C /* UIApplication+Extension.swift in Sources */ = {isa = PBXBuildFile; fileRef = D8788763270A025600F0574C /* UIApplication+Extension.swift */; };
		D8788766270A027A00F0574C /* PageViewImages.swift in Sources */ = {isa = PBXBuildFile; fileRef = D8788765270A027A00F0574C /* PageViewImages.swift */; };
		D87887B6270CC98B00F0574C /* MarvelCharactersResponse.swift in Sources */ = {isa = PBXBuildFile; fileRef = D87887B5270CC98B00F0574C /* MarvelCharactersResponse.swift */; };
		D87887BB27104A0400F0574C /* BaseRequest.swift in Sources */ = {isa = PBXBuildFile; fileRef = D87887BA27104A0400F0574C /* BaseRequest.swift */; };
		D87887BD27104A4300F0574C /* MarvelCharactersApiServiceProvider.swift in Sources */ = {isa = PBXBuildFile; fileRef = D87887BC27104A4300F0574C /* MarvelCharactersApiServiceProvider.swift */; };
		D87BB553271179070072EFD9 /* CharacterListViewState.swift in Sources */ = {isa = PBXBuildFile; fileRef = D87BB552271179070072EFD9 /* CharacterListViewState.swift */; };
		D87BB55527121B1F0072EFD9 /* LabelDistributionData.swift in Sources */ = {isa = PBXBuildFile; fileRef = D87BB55427121B1F0072EFD9 /* LabelDistributionData.swift */; };
		D87BB55827121FB60072EFD9 /* ApplicationGeneralInfoManager.swift in Sources */ = {isa = PBXBuildFile; fileRef = D87BB55727121FB60072EFD9 /* ApplicationGeneralInfoManager.swift */; };
		D87BB55A27121FF50072EFD9 /* ApplicationGeneralInfoProtocol.swift in Sources */ = {isa = PBXBuildFile; fileRef = D87BB55927121FF50072EFD9 /* ApplicationGeneralInfoProtocol.swift */; };
		D87BB55C271221570072EFD9 /* CharacterListDataFormatterProtocol.swift in Sources */ = {isa = PBXBuildFile; fileRef = D87BB55B271221570072EFD9 /* CharacterListDataFormatterProtocol.swift */; };
		D87BB55E2712217D0072EFD9 /* CharacterListDataFormatter.swift in Sources */ = {isa = PBXBuildFile; fileRef = D87BB55D2712217D0072EFD9 /* CharacterListDataFormatter.swift */; };
		D87BB5612712352A0072EFD9 /* TutorialViewInfoStore.swift in Sources */ = {isa = PBXBuildFile; fileRef = D87BB5602712352A0072EFD9 /* TutorialViewInfoStore.swift */; };
		D87BB5632712356B0072EFD9 /* UserDefaultsWrapperHelper.swift in Sources */ = {isa = PBXBuildFile; fileRef = D87BB5622712356B0072EFD9 /* UserDefaultsWrapperHelper.swift */; };
		D87BB569271338200072EFD9 /* BaseComponents in Frameworks */ = {isa = PBXBuildFile; productRef = D87BB568271338200072EFD9 /* BaseComponents */; };
/* End PBXBuildFile section */

/* Begin PBXContainerItemProxy section */
		D856F42927083E330013A1A6 /* PBXContainerItemProxy */ = {
			isa = PBXContainerItemProxy;
			containerPortal = D856F40727083E300013A1A6 /* Project object */;
			proxyType = 1;
			remoteGlobalIDString = D856F40E27083E300013A1A6;
			remoteInfo = ios_Week_3;
		};
		D856F43427083E330013A1A6 /* PBXContainerItemProxy */ = {
			isa = PBXContainerItemProxy;
			containerPortal = D856F40727083E300013A1A6 /* Project object */;
			proxyType = 1;
			remoteGlobalIDString = D856F40E27083E300013A1A6;
			remoteInfo = ios_Week_3;
		};
/* End PBXContainerItemProxy section */

/* Begin PBXFileReference section */
		D856F40F27083E300013A1A6 /* ios_Week_3.app */ = {isa = PBXFileReference; explicitFileType = wrapper.application; includeInIndex = 0; path = ios_Week_3.app; sourceTree = BUILT_PRODUCTS_DIR; };
		D856F41227083E300013A1A6 /* AppDelegate.swift */ = {isa = PBXFileReference; lastKnownFileType = sourcecode.swift; path = AppDelegate.swift; sourceTree = "<group>"; };
		D856F41427083E300013A1A6 /* SceneDelegate.swift */ = {isa = PBXFileReference; lastKnownFileType = sourcecode.swift; path = SceneDelegate.swift; sourceTree = "<group>"; };
		D856F41627083E300013A1A6 /* ViewController.swift */ = {isa = PBXFileReference; lastKnownFileType = sourcecode.swift; path = ViewController.swift; sourceTree = "<group>"; };
		D856F41C27083E300013A1A6 /* ios_Week_3.xcdatamodel */ = {isa = PBXFileReference; lastKnownFileType = wrapper.xcdatamodel; path = ios_Week_3.xcdatamodel; sourceTree = "<group>"; };
		D856F41E27083E330013A1A6 /* Assets.xcassets */ = {isa = PBXFileReference; lastKnownFileType = folder.assetcatalog; path = Assets.xcassets; sourceTree = "<group>"; };
		D856F42127083E330013A1A6 /* Base */ = {isa = PBXFileReference; lastKnownFileType = file.storyboard; name = Base; path = Base.lproj/LaunchScreen.storyboard; sourceTree = "<group>"; };
		D856F42327083E330013A1A6 /* Info.plist */ = {isa = PBXFileReference; lastKnownFileType = text.plist.xml; path = Info.plist; sourceTree = "<group>"; };
		D856F42827083E330013A1A6 /* ios_Week_3Tests.xctest */ = {isa = PBXFileReference; explicitFileType = wrapper.cfbundle; includeInIndex = 0; path = ios_Week_3Tests.xctest; sourceTree = BUILT_PRODUCTS_DIR; };
		D856F42C27083E330013A1A6 /* ios_Week_3Tests.swift */ = {isa = PBXFileReference; lastKnownFileType = sourcecode.swift; path = ios_Week_3Tests.swift; sourceTree = "<group>"; };
		D856F42E27083E330013A1A6 /* Info.plist */ = {isa = PBXFileReference; lastKnownFileType = text.plist.xml; path = Info.plist; sourceTree = "<group>"; };
		D856F43327083E330013A1A6 /* ios_Week_3UITests.xctest */ = {isa = PBXFileReference; explicitFileType = wrapper.cfbundle; includeInIndex = 0; path = ios_Week_3UITests.xctest; sourceTree = BUILT_PRODUCTS_DIR; };
		D856F43727083E330013A1A6 /* ios_Week_3UITests.swift */ = {isa = PBXFileReference; lastKnownFileType = sourcecode.swift; path = ios_Week_3UITests.swift; sourceTree = "<group>"; };
		D856F43927083E330013A1A6 /* Info.plist */ = {isa = PBXFileReference; lastKnownFileType = text.plist.xml; path = Info.plist; sourceTree = "<group>"; };
		D856F447270843200013A1A6 /* MainViewModel.swift */ = {isa = PBXFileReference; lastKnownFileType = sourcecode.swift; path = MainViewModel.swift; sourceTree = "<group>"; };
		D856F44B2708434F0013A1A6 /* MainViewController.swift */ = {isa = PBXFileReference; lastKnownFileType = sourcecode.swift; path = MainViewController.swift; sourceTree = "<group>"; };
		D856F44D2708435D0013A1A6 /* MainViewBuilder.swift */ = {isa = PBXFileReference; lastKnownFileType = sourcecode.swift; path = MainViewBuilder.swift; sourceTree = "<group>"; };
		D856F455270845CA0013A1A6 /* BaseView.swift */ = {isa = PBXFileReference; fileEncoding = 4; lastKnownFileType = sourcecode.swift; path = BaseView.swift; sourceTree = "<group>"; };
		D856F456270845CA0013A1A6 /* BaseViewController.swift */ = {isa = PBXFileReference; fileEncoding = 4; lastKnownFileType = sourcecode.swift; path = BaseViewController.swift; sourceTree = "<group>"; };
		D856F457270845CA0013A1A6 /* GenericBaseView.swift */ = {isa = PBXFileReference; fileEncoding = 4; lastKnownFileType = sourcecode.swift; path = GenericBaseView.swift; sourceTree = "<group>"; };
		D856F458270845CA0013A1A6 /* GenericValueProtocol.swift */ = {isa = PBXFileReference; fileEncoding = 4; lastKnownFileType = sourcecode.swift; path = GenericValueProtocol.swift; sourceTree = "<group>"; };
		D856F45D27084C040013A1A6 /* TestViewController.swift */ = {isa = PBXFileReference; lastKnownFileType = sourcecode.swift; path = TestViewController.swift; sourceTree = "<group>"; };
		D856F460270851AF0013A1A6 /* MainTabBarController.swift */ = {isa = PBXFileReference; lastKnownFileType = sourcecode.swift; path = MainTabBarController.swift; sourceTree = "<group>"; };
		D856F462270852410013A1A6 /* MainTabBarBuilder.swift */ = {isa = PBXFileReference; lastKnownFileType = sourcecode.swift; path = MainTabBarBuilder.swift; sourceTree = "<group>"; };
		D856F46A270859A00013A1A6 /* FavoriteViewController.swift */ = {isa = PBXFileReference; lastKnownFileType = sourcecode.swift; path = FavoriteViewController.swift; sourceTree = "<group>"; };
		D856F46C270866AF0013A1A6 /* FavoriteViewModel.swift */ = {isa = PBXFileReference; fileEncoding = 4; lastKnownFileType = sourcecode.swift; path = FavoriteViewModel.swift; sourceTree = "<group>"; };
		D856F46D270866AF0013A1A6 /* FavoriteViewBuilder.swift */ = {isa = PBXFileReference; fileEncoding = 4; lastKnownFileType = sourcecode.swift; path = FavoriteViewBuilder.swift; sourceTree = "<group>"; };
		D856F47A2708671C0013A1A6 /* TabBarImages.swift */ = {isa = PBXFileReference; fileEncoding = 4; lastKnownFileType = sourcecode.swift; path = TabBarImages.swift; sourceTree = "<group>"; };
		D856F48227086D6B0013A1A6 /* CharacterListViewController.swift */ = {isa = PBXFileReference; lastKnownFileType = sourcecode.swift; path = CharacterListViewController.swift; sourceTree = "<group>"; };
		D856F48427086D760013A1A6 /* CharacterListViewBuilder.swift */ = {isa = PBXFileReference; lastKnownFileType = sourcecode.swift; path = CharacterListViewBuilder.swift; sourceTree = "<group>"; };
		D856F48627086D840013A1A6 /* CharacterListViewModel.swift */ = {isa = PBXFileReference; lastKnownFileType = sourcecode.swift; path = CharacterListViewModel.swift; sourceTree = "<group>"; };
		D856F48A27086F5D0013A1A6 /* ItemListView.swift */ = {isa = PBXFileReference; lastKnownFileType = sourcecode.swift; path = ItemListView.swift; sourceTree = "<group>"; };
		D856F48D270870A80013A1A6 /* SampleTest.swift */ = {isa = PBXFileReference; lastKnownFileType = sourcecode.swift; path = SampleTest.swift; sourceTree = "<group>"; };
		D856F48F2708A6850013A1A6 /* BaseTableViewCell.swift */ = {isa = PBXFileReference; lastKnownFileType = sourcecode.swift; path = BaseTableViewCell.swift; sourceTree = "<group>"; };
		D856F4912708A7E70013A1A6 /* GenericDataProtocol.swift */ = {isa = PBXFileReference; lastKnownFileType = sourcecode.swift; path = GenericDataProtocol.swift; sourceTree = "<group>"; };
		D856F4932708A8AF0013A1A6 /* ItemListProtocol.swift */ = {isa = PBXFileReference; lastKnownFileType = sourcecode.swift; path = ItemListProtocol.swift; sourceTree = "<group>"; };
		D856F4962708A9360013A1A6 /* ItemTableViewCell.swift */ = {isa = PBXFileReference; lastKnownFileType = sourcecode.swift; path = ItemTableViewCell.swift; sourceTree = "<group>"; };
		D856F4982708A9430013A1A6 /* ItemTableViewCellData.swift */ = {isa = PBXFileReference; lastKnownFileType = sourcecode.swift; path = ItemTableViewCellData.swift; sourceTree = "<group>"; };
		D856F49B2708AAAB0013A1A6 /* CustomImageLoadingType.swift */ = {isa = PBXFileReference; lastKnownFileType = sourcecode.swift; path = CustomImageLoadingType.swift; sourceTree = "<group>"; };
		D856F49D2708AAE50013A1A6 /* CustomImageViewComponent.swift */ = {isa = PBXFileReference; lastKnownFileType = sourcecode.swift; path = CustomImageViewComponent.swift; sourceTree = "<group>"; };
		D856F49F2708AB5A0013A1A6 /* CustomImageViewComponentData.swift */ = {isa = PBXFileReference; lastKnownFileType = sourcecode.swift; path = CustomImageViewComponentData.swift; sourceTree = "<group>"; };
		D856F4A12708BF2E0013A1A6 /* CustomImageViewComponentContainer.swift */ = {isa = PBXFileReference; lastKnownFileType = sourcecode.swift; path = CustomImageViewComponentContainer.swift; sourceTree = "<group>"; };
		D856F4A42708BFB00013A1A6 /* LabelPackComponent.swift */ = {isa = PBXFileReference; lastKnownFileType = sourcecode.swift; path = LabelPackComponent.swift; sourceTree = "<group>"; };
		D856F4A62708BFBD0013A1A6 /* LabelPackComponentData.swift */ = {isa = PBXFileReference; lastKnownFileType = sourcecode.swift; path = LabelPackComponentData.swift; sourceTree = "<group>"; };
		D856F4AA2708C00A0013A1A6 /* ImageCacheManager.swift */ = {isa = PBXFileReference; lastKnownFileType = sourcecode.swift; path = ImageCacheManager.swift; sourceTree = "<group>"; };
		D856F4AD2708C0360013A1A6 /* FontManager.swift */ = {isa = PBXFileReference; lastKnownFileType = sourcecode.swift; path = FontManager.swift; sourceTree = "<group>"; };
		D87887412709F1AF00F0574C /* PageViewComponent.swift */ = {isa = PBXFileReference; lastKnownFileType = sourcecode.swift; path = PageViewComponent.swift; sourceTree = "<group>"; };
		D87887432709F1D200F0574C /* PageViewComponentData.swift */ = {isa = PBXFileReference; lastKnownFileType = sourcecode.swift; path = PageViewComponentData.swift; sourceTree = "<group>"; };
		D87887462709F3E200F0574C /* GenericImageContainerData.swift */ = {isa = PBXFileReference; lastKnownFileType = sourcecode.swift; path = GenericImageContainerData.swift; sourceTree = "<group>"; };
		D87887482709F41000F0574C /* PageViewDataProtocol.swift */ = {isa = PBXFileReference; lastKnownFileType = sourcecode.swift; path = PageViewDataProtocol.swift; sourceTree = "<group>"; };
		D878874A2709FABC00F0574C /* GenericImageContainerViewModel.swift */ = {isa = PBXFileReference; lastKnownFileType = sourcecode.swift; path = GenericImageContainerViewModel.swift; sourceTree = "<group>"; };
		D878874C2709FBAB00F0574C /* GenericImageContainerViewBuilder.swift */ = {isa = PBXFileReference; lastKnownFileType = sourcecode.swift; path = GenericImageContainerViewBuilder.swift; sourceTree = "<group>"; };
		D878874E2709FC1100F0574C /* GenericImageContainer.swift */ = {isa = PBXFileReference; lastKnownFileType = sourcecode.swift; path = GenericImageContainer.swift; sourceTree = "<group>"; };
		D87887512709FD2A00F0574C /* ViewController1.swift */ = {isa = PBXFileReference; lastKnownFileType = sourcecode.swift; path = ViewController1.swift; sourceTree = "<group>"; };
		D87887532709FE7000F0574C /* ViewController2.swift */ = {isa = PBXFileReference; lastKnownFileType = sourcecode.swift; path = ViewController2.swift; sourceTree = "<group>"; };
		D87887552709FE9200F0574C /* ViewController3.swift */ = {isa = PBXFileReference; lastKnownFileType = sourcecode.swift; path = ViewController3.swift; sourceTree = "<group>"; };
		D87887572709FEA600F0574C /* ViewController4.swift */ = {isa = PBXFileReference; lastKnownFileType = sourcecode.swift; path = ViewController4.swift; sourceTree = "<group>"; };
		D87887592709FEC400F0574C /* ViewContoller5.swift */ = {isa = PBXFileReference; lastKnownFileType = sourcecode.swift; path = ViewContoller5.swift; sourceTree = "<group>"; };
		D878875C2709FF1200F0574C /* TutorialViewController.swift */ = {isa = PBXFileReference; lastKnownFileType = sourcecode.swift; path = TutorialViewController.swift; sourceTree = "<group>"; };
		D878875E2709FF3400F0574C /* TutorialViewModel.swift */ = {isa = PBXFileReference; lastKnownFileType = sourcecode.swift; path = TutorialViewModel.swift; sourceTree = "<group>"; };
		D8788760270A022000F0574C /* TutorialViewBuilder.swift */ = {isa = PBXFileReference; lastKnownFileType = sourcecode.swift; path = TutorialViewBuilder.swift; sourceTree = "<group>"; };
		D8788763270A025600F0574C /* UIApplication+Extension.swift */ = {isa = PBXFileReference; lastKnownFileType = sourcecode.swift; path = "UIApplication+Extension.swift"; sourceTree = "<group>"; };
		D8788765270A027A00F0574C /* PageViewImages.swift */ = {isa = PBXFileReference; lastKnownFileType = sourcecode.swift; path = PageViewImages.swift; sourceTree = "<group>"; };
		D87887B5270CC98B00F0574C /* MarvelCharactersResponse.swift */ = {isa = PBXFileReference; lastKnownFileType = sourcecode.swift; path = MarvelCharactersResponse.swift; sourceTree = "<group>"; };
		D87887BA27104A0400F0574C /* BaseRequest.swift */ = {isa = PBXFileReference; lastKnownFileType = sourcecode.swift; path = BaseRequest.swift; sourceTree = "<group>"; };
		D87887BC27104A4300F0574C /* MarvelCharactersApiServiceProvider.swift */ = {isa = PBXFileReference; lastKnownFileType = sourcecode.swift; path = MarvelCharactersApiServiceProvider.swift; sourceTree = "<group>"; };
		D87BB552271179070072EFD9 /* CharacterListViewState.swift */ = {isa = PBXFileReference; lastKnownFileType = sourcecode.swift; path = CharacterListViewState.swift; sourceTree = "<group>"; };
		D87BB55427121B1F0072EFD9 /* LabelDistributionData.swift */ = {isa = PBXFileReference; lastKnownFileType = sourcecode.swift; path = LabelDistributionData.swift; sourceTree = "<group>"; };
		D87BB55727121FB60072EFD9 /* ApplicationGeneralInfoManager.swift */ = {isa = PBXFileReference; lastKnownFileType = sourcecode.swift; path = ApplicationGeneralInfoManager.swift; sourceTree = "<group>"; };
		D87BB55927121FF50072EFD9 /* ApplicationGeneralInfoProtocol.swift */ = {isa = PBXFileReference; lastKnownFileType = sourcecode.swift; path = ApplicationGeneralInfoProtocol.swift; sourceTree = "<group>"; };
		D87BB55B271221570072EFD9 /* CharacterListDataFormatterProtocol.swift */ = {isa = PBXFileReference; lastKnownFileType = sourcecode.swift; path = CharacterListDataFormatterProtocol.swift; sourceTree = "<group>"; };
		D87BB55D2712217D0072EFD9 /* CharacterListDataFormatter.swift */ = {isa = PBXFileReference; lastKnownFileType = sourcecode.swift; path = CharacterListDataFormatter.swift; sourceTree = "<group>"; };
		D87BB5602712352A0072EFD9 /* TutorialViewInfoStore.swift */ = {isa = PBXFileReference; lastKnownFileType = sourcecode.swift; path = TutorialViewInfoStore.swift; sourceTree = "<group>"; };
		D87BB5622712356B0072EFD9 /* UserDefaultsWrapperHelper.swift */ = {isa = PBXFileReference; lastKnownFileType = sourcecode.swift; path = UserDefaultsWrapperHelper.swift; sourceTree = "<group>"; };
/* End PBXFileReference section */

/* Begin PBXFrameworksBuildPhase section */
		D856F40C27083E300013A1A6 /* Frameworks */ = {
			isa = PBXFrameworksBuildPhase;
			buildActionMask = 2147483647;
			files = (
				D87BB569271338200072EFD9 /* BaseComponents in Frameworks */,
			);
			runOnlyForDeploymentPostprocessing = 0;
		};
		D856F42527083E330013A1A6 /* Frameworks */ = {
			isa = PBXFrameworksBuildPhase;
			buildActionMask = 2147483647;
			files = (
			);
			runOnlyForDeploymentPostprocessing = 0;
		};
		D856F43027083E330013A1A6 /* Frameworks */ = {
			isa = PBXFrameworksBuildPhase;
			buildActionMask = 2147483647;
			files = (
			);
			runOnlyForDeploymentPostprocessing = 0;
		};
/* End PBXFrameworksBuildPhase section */

/* Begin PBXGroup section */
		D856F40627083E300013A1A6 = {
			isa = PBXGroup;
			children = (
				D856F41127083E300013A1A6 /* ios_Week_3 */,
				D856F42B27083E330013A1A6 /* ios_Week_3Tests */,
				D856F43627083E330013A1A6 /* ios_Week_3UITests */,
				D856F41027083E300013A1A6 /* Products */,
			);
			sourceTree = "<group>";
		};
		D856F41027083E300013A1A6 /* Products */ = {
			isa = PBXGroup;
			children = (
				D856F40F27083E300013A1A6 /* ios_Week_3.app */,
				D856F42827083E330013A1A6 /* ios_Week_3Tests.xctest */,
				D856F43327083E330013A1A6 /* ios_Week_3UITests.xctest */,
			);
			name = Products;
			sourceTree = "<group>";
		};
		D856F41127083E300013A1A6 /* ios_Week_3 */ = {
			isa = PBXGroup;
			children = (
				D856F454270845B00013A1A6 /* BaseComponents */,
				D856F48827086F490013A1A6 /* Components */,
				D87887B3270CC97500F0574C /* Models */,
				D856F4A82708BFEE0013A1A6 /* Managers */,
				D856F465270858B40013A1A6 /* Utils */,
				D856F464270857FC0013A1A6 /* Temp */,
				D856F445270842FA0013A1A6 /* SceneModules */,
				D856F41227083E300013A1A6 /* AppDelegate.swift */,
				D856F41427083E300013A1A6 /* SceneDelegate.swift */,
				D856F41627083E300013A1A6 /* ViewController.swift */,
				D856F41E27083E330013A1A6 /* Assets.xcassets */,
				D856F42027083E330013A1A6 /* LaunchScreen.storyboard */,
				D856F42327083E330013A1A6 /* Info.plist */,
				D856F41B27083E300013A1A6 /* ios_Week_3.xcdatamodeld */,
			);
			path = ios_Week_3;
			sourceTree = "<group>";
		};
		D856F42B27083E330013A1A6 /* ios_Week_3Tests */ = {
			isa = PBXGroup;
			children = (
				D856F42C27083E330013A1A6 /* ios_Week_3Tests.swift */,
				D856F42E27083E330013A1A6 /* Info.plist */,
			);
			path = ios_Week_3Tests;
			sourceTree = "<group>";
		};
		D856F43627083E330013A1A6 /* ios_Week_3UITests */ = {
			isa = PBXGroup;
			children = (
				D856F43727083E330013A1A6 /* ios_Week_3UITests.swift */,
				D856F43927083E330013A1A6 /* Info.plist */,
			);
			path = ios_Week_3UITests;
			sourceTree = "<group>";
		};
		D856F445270842FA0013A1A6 /* SceneModules */ = {
			isa = PBXGroup;
			children = (
				D856F48127086D4A0013A1A6 /* CharacterList */,
				D878875B2709FEF600F0574C /* Tutorial */,
				D87887502709FD1C00F0574C /* Jumping */,
				D856F4462708431A0013A1A6 /* Main */,
				D856F45F2708519C0013A1A6 /* MainTabBar */,
				D87887452709F3C500F0574C /* GenericImageContainer */,
				D856F469270859700013A1A6 /* Favorites */,
			);
			path = SceneModules;
			sourceTree = "<group>";
		};
		D856F4462708431A0013A1A6 /* Main */ = {
			isa = PBXGroup;
			children = (
				D856F44D2708435D0013A1A6 /* MainViewBuilder.swift */,
				D856F44B2708434F0013A1A6 /* MainViewController.swift */,
				D856F447270843200013A1A6 /* MainViewModel.swift */,
			);
			path = Main;
			sourceTree = "<group>";
		};
		D856F454270845B00013A1A6 /* BaseComponents */ = {
			isa = PBXGroup;
			children = (
				D856F48F2708A6850013A1A6 /* BaseTableViewCell.swift */,
				D856F455270845CA0013A1A6 /* BaseView.swift */,
				D856F456270845CA0013A1A6 /* BaseViewController.swift */,
				D856F457270845CA0013A1A6 /* GenericBaseView.swift */,
				D856F4912708A7E70013A1A6 /* GenericDataProtocol.swift */,
				D856F458270845CA0013A1A6 /* GenericValueProtocol.swift */,
			);
			path = BaseComponents;
			sourceTree = "<group>";
		};
		D856F45F2708519C0013A1A6 /* MainTabBar */ = {
			isa = PBXGroup;
			children = (
				D856F462270852410013A1A6 /* MainTabBarBuilder.swift */,
				D856F460270851AF0013A1A6 /* MainTabBarController.swift */,
			);
			path = MainTabBar;
			sourceTree = "<group>";
		};
		D856F464270857FC0013A1A6 /* Temp */ = {
			isa = PBXGroup;
			children = (
				D856F45D27084C040013A1A6 /* TestViewController.swift */,
			);
			path = Temp;
			sourceTree = "<group>";
		};
		D856F465270858B40013A1A6 /* Utils */ = {
			isa = PBXGroup;
			children = (
				D87BB55F2712350C0072EFD9 /* UserDefaultsHelpers */,
				D8788762270A024700F0574C /* Extensions */,
				D856F4AC2708C02B0013A1A6 /* FontManager */,
				D856F466270858BA0013A1A6 /* AssetHelpers */,
			);
			path = Utils;
			sourceTree = "<group>";
		};
		D856F466270858BA0013A1A6 /* AssetHelpers */ = {
			isa = PBXGroup;
			children = (
				D856F47A2708671C0013A1A6 /* TabBarImages.swift */,
				D8788765270A027A00F0574C /* PageViewImages.swift */,
			);
			path = AssetHelpers;
			sourceTree = "<group>";
		};
		D856F469270859700013A1A6 /* Favorites */ = {
			isa = PBXGroup;
			children = (
				D856F46D270866AF0013A1A6 /* FavoriteViewBuilder.swift */,
				D856F46C270866AF0013A1A6 /* FavoriteViewModel.swift */,
				D856F46A270859A00013A1A6 /* FavoriteViewController.swift */,
			);
			path = Favorites;
			sourceTree = "<group>";
		};
		D856F48127086D4A0013A1A6 /* CharacterList */ = {
			isa = PBXGroup;
			children = (
				D856F48227086D6B0013A1A6 /* CharacterListViewController.swift */,
				D87BB552271179070072EFD9 /* CharacterListViewState.swift */,
				D856F48427086D760013A1A6 /* CharacterListViewBuilder.swift */,
				D856F48627086D840013A1A6 /* CharacterListViewModel.swift */,
				D87BB55D2712217D0072EFD9 /* CharacterListDataFormatter.swift */,
				D87BB55B271221570072EFD9 /* CharacterListDataFormatterProtocol.swift */,
			);
			path = CharacterList;
			sourceTree = "<group>";
		};
		D856F48827086F490013A1A6 /* Components */ = {
			isa = PBXGroup;
			children = (
				D856F49A2708AA8B0013A1A6 /* CustomImageViewComponent */,
				D856F4952708A9230013A1A6 /* ItemComponents */,
				D856F48927086F4F0013A1A6 /* ItemListViewComponents */,
				D856F4A32708BFA20013A1A6 /* LabelPackComponent */,
				D87887402709F18D00F0574C /* PageViewComponent */,
				D856F48C270870A00013A1A6 /* SampleTest */,
			);
			path = Components;
			sourceTree = "<group>";
		};
		D856F48927086F4F0013A1A6 /* ItemListViewComponents */ = {
			isa = PBXGroup;
			children = (
				D856F48A27086F5D0013A1A6 /* ItemListView.swift */,
				D856F4932708A8AF0013A1A6 /* ItemListProtocol.swift */,
			);
			path = ItemListViewComponents;
			sourceTree = "<group>";
		};
		D856F48C270870A00013A1A6 /* SampleTest */ = {
			isa = PBXGroup;
			children = (
				D856F48D270870A80013A1A6 /* SampleTest.swift */,
			);
			path = SampleTest;
			sourceTree = "<group>";
		};
		D856F4952708A9230013A1A6 /* ItemComponents */ = {
			isa = PBXGroup;
			children = (
				D856F4962708A9360013A1A6 /* ItemTableViewCell.swift */,
				D856F4982708A9430013A1A6 /* ItemTableViewCellData.swift */,
			);
			path = ItemComponents;
			sourceTree = "<group>";
		};
		D856F49A2708AA8B0013A1A6 /* CustomImageViewComponent */ = {
			isa = PBXGroup;
			children = (
				D856F49B2708AAAB0013A1A6 /* CustomImageLoadingType.swift */,
				D856F49D2708AAE50013A1A6 /* CustomImageViewComponent.swift */,
				D856F49F2708AB5A0013A1A6 /* CustomImageViewComponentData.swift */,
				D856F4A12708BF2E0013A1A6 /* CustomImageViewComponentContainer.swift */,
			);
			path = CustomImageViewComponent;
			sourceTree = "<group>";
		};
		D856F4A32708BFA20013A1A6 /* LabelPackComponent */ = {
			isa = PBXGroup;
			children = (
				D856F4A42708BFB00013A1A6 /* LabelPackComponent.swift */,
				D856F4A62708BFBD0013A1A6 /* LabelPackComponentData.swift */,
				D87BB55427121B1F0072EFD9 /* LabelDistributionData.swift */,
			);
			path = LabelPackComponent;
			sourceTree = "<group>";
		};
		D856F4A82708BFEE0013A1A6 /* Managers */ = {
			isa = PBXGroup;
			children = (
				D87BB55627121F970072EFD9 /* UserDefaultsHelperManagers */,
				D856F4A92708BFF40013A1A6 /* CacheManagers */,
			);
			path = Managers;
			sourceTree = "<group>";
		};
		D856F4A92708BFF40013A1A6 /* CacheManagers */ = {
			isa = PBXGroup;
			children = (
				D856F4AA2708C00A0013A1A6 /* ImageCacheManager.swift */,
			);
			path = CacheManagers;
			sourceTree = "<group>";
		};
		D856F4AC2708C02B0013A1A6 /* FontManager */ = {
			isa = PBXGroup;
			children = (
				D856F4AD2708C0360013A1A6 /* FontManager.swift */,
			);
			path = FontManager;
			sourceTree = "<group>";
		};
		D87887402709F18D00F0574C /* PageViewComponent */ = {
			isa = PBXGroup;
			children = (
				D87887412709F1AF00F0574C /* PageViewComponent.swift */,
				D87887432709F1D200F0574C /* PageViewComponentData.swift */,
			);
			path = PageViewComponent;
			sourceTree = "<group>";
		};
		D87887452709F3C500F0574C /* GenericImageContainer */ = {
			isa = PBXGroup;
			children = (
				D87887462709F3E200F0574C /* GenericImageContainerData.swift */,
				D878874A2709FABC00F0574C /* GenericImageContainerViewModel.swift */,
				D878874C2709FBAB00F0574C /* GenericImageContainerViewBuilder.swift */,
				D87887482709F41000F0574C /* PageViewDataProtocol.swift */,
				D878874E2709FC1100F0574C /* GenericImageContainer.swift */,
			);
			path = GenericImageContainer;
			sourceTree = "<group>";
		};
		D87887502709FD1C00F0574C /* Jumping */ = {
			isa = PBXGroup;
			children = (
				D87887512709FD2A00F0574C /* ViewController1.swift */,
				D87887532709FE7000F0574C /* ViewController2.swift */,
				D87887552709FE9200F0574C /* ViewController3.swift */,
				D87887572709FEA600F0574C /* ViewController4.swift */,
				D87887592709FEC400F0574C /* ViewContoller5.swift */,
			);
			path = Jumping;
			sourceTree = "<group>";
		};
		D878875B2709FEF600F0574C /* Tutorial */ = {
			isa = PBXGroup;
			children = (
				D878875C2709FF1200F0574C /* TutorialViewController.swift */,
				D878875E2709FF3400F0574C /* TutorialViewModel.swift */,
				D8788760270A022000F0574C /* TutorialViewBuilder.swift */,
			);
			path = Tutorial;
			sourceTree = "<group>";
		};
		D8788762270A024700F0574C /* Extensions */ = {
			isa = PBXGroup;
			children = (
				D8788763270A025600F0574C /* UIApplication+Extension.swift */,
			);
			path = Extensions;
			sourceTree = "<group>";
		};
		D87887B3270CC97500F0574C /* Models */ = {
			isa = PBXGroup;
			children = (
				D87887B4270CC97800F0574C /* MarvelSample */,
			);
			path = Models;
			sourceTree = "<group>";
		};
		D87887B4270CC97800F0574C /* MarvelSample */ = {
			isa = PBXGroup;
			children = (
				D87887BC27104A4300F0574C /* MarvelCharactersApiServiceProvider.swift */,
				D87887B5270CC98B00F0574C /* MarvelCharactersResponse.swift */,
				D87887BA27104A0400F0574C /* BaseRequest.swift */,
			);
			path = MarvelSample;
			sourceTree = "<group>";
		};
		D87BB55627121F970072EFD9 /* UserDefaultsHelperManagers */ = {
			isa = PBXGroup;
			children = (
				D87BB55727121FB60072EFD9 /* ApplicationGeneralInfoManager.swift */,
				D87BB55927121FF50072EFD9 /* ApplicationGeneralInfoProtocol.swift */,
			);
			path = UserDefaultsHelperManagers;
			sourceTree = "<group>";
		};
		D87BB55F2712350C0072EFD9 /* UserDefaultsHelpers */ = {
			isa = PBXGroup;
			children = (
				D87BB5602712352A0072EFD9 /* TutorialViewInfoStore.swift */,
				D87BB5622712356B0072EFD9 /* UserDefaultsWrapperHelper.swift */,
			);
			path = UserDefaultsHelpers;
			sourceTree = "<group>";
		};
/* End PBXGroup section */

/* Begin PBXNativeTarget section */
		D856F40E27083E300013A1A6 /* ios_Week_3 */ = {
			isa = PBXNativeTarget;
			buildConfigurationList = D856F43C27083E330013A1A6 /* Build configuration list for PBXNativeTarget "ios_Week_3" */;
			buildPhases = (
				D856F40B27083E300013A1A6 /* Sources */,
				D856F40C27083E300013A1A6 /* Frameworks */,
				D856F40D27083E300013A1A6 /* Resources */,
			);
			buildRules = (
			);
			dependencies = (
			);
			name = ios_Week_3;
			packageProductDependencies = (
				D87BB568271338200072EFD9 /* BaseComponents */,
			);
			productName = ios_Week_3;
			productReference = D856F40F27083E300013A1A6 /* ios_Week_3.app */;
			productType = "com.apple.product-type.application";
		};
		D856F42727083E330013A1A6 /* ios_Week_3Tests */ = {
			isa = PBXNativeTarget;
			buildConfigurationList = D856F43F27083E330013A1A6 /* Build configuration list for PBXNativeTarget "ios_Week_3Tests" */;
			buildPhases = (
				D856F42427083E330013A1A6 /* Sources */,
				D856F42527083E330013A1A6 /* Frameworks */,
				D856F42627083E330013A1A6 /* Resources */,
			);
			buildRules = (
			);
			dependencies = (
				D856F42A27083E330013A1A6 /* PBXTargetDependency */,
			);
			name = ios_Week_3Tests;
			productName = ios_Week_3Tests;
			productReference = D856F42827083E330013A1A6 /* ios_Week_3Tests.xctest */;
			productType = "com.apple.product-type.bundle.unit-test";
		};
		D856F43227083E330013A1A6 /* ios_Week_3UITests */ = {
			isa = PBXNativeTarget;
			buildConfigurationList = D856F44227083E330013A1A6 /* Build configuration list for PBXNativeTarget "ios_Week_3UITests" */;
			buildPhases = (
				D856F42F27083E330013A1A6 /* Sources */,
				D856F43027083E330013A1A6 /* Frameworks */,
				D856F43127083E330013A1A6 /* Resources */,
			);
			buildRules = (
			);
			dependencies = (
				D856F43527083E330013A1A6 /* PBXTargetDependency */,
			);
			name = ios_Week_3UITests;
			productName = ios_Week_3UITests;
			productReference = D856F43327083E330013A1A6 /* ios_Week_3UITests.xctest */;
			productType = "com.apple.product-type.bundle.ui-testing";
		};
/* End PBXNativeTarget section */

/* Begin PBXProject section */
		D856F40727083E300013A1A6 /* Project object */ = {
			isa = PBXProject;
			attributes = {
				LastSwiftUpdateCheck = 1250;
				LastUpgradeCheck = 1250;
				TargetAttributes = {
					D856F40E27083E300013A1A6 = {
						CreatedOnToolsVersion = 12.5.1;
					};
					D856F42727083E330013A1A6 = {
						CreatedOnToolsVersion = 12.5.1;
						TestTargetID = D856F40E27083E300013A1A6;
					};
					D856F43227083E330013A1A6 = {
						CreatedOnToolsVersion = 12.5.1;
						TestTargetID = D856F40E27083E300013A1A6;
					};
				};
			};
			buildConfigurationList = D856F40A27083E300013A1A6 /* Build configuration list for PBXProject "ios_Week_3" */;
			compatibilityVersion = "Xcode 9.3";
			developmentRegion = en;
			hasScannedForEncodings = 0;
			knownRegions = (
				en,
				Base,
			);
			mainGroup = D856F40627083E300013A1A6;
			packageReferences = (
				D87BB567271338200072EFD9 /* XCRemoteSwiftPackageReference "BaseComponents" */,
			);
			productRefGroup = D856F41027083E300013A1A6 /* Products */;
			projectDirPath = "";
			projectRoot = "";
			targets = (
				D856F40E27083E300013A1A6 /* ios_Week_3 */,
				D856F42727083E330013A1A6 /* ios_Week_3Tests */,
				D856F43227083E330013A1A6 /* ios_Week_3UITests */,
			);
		};
/* End PBXProject section */

/* Begin PBXResourcesBuildPhase section */
		D856F40D27083E300013A1A6 /* Resources */ = {
			isa = PBXResourcesBuildPhase;
			buildActionMask = 2147483647;
			files = (
				D856F42227083E330013A1A6 /* LaunchScreen.storyboard in Resources */,
				D856F41F27083E330013A1A6 /* Assets.xcassets in Resources */,
			);
			runOnlyForDeploymentPostprocessing = 0;
		};
		D856F42627083E330013A1A6 /* Resources */ = {
			isa = PBXResourcesBuildPhase;
			buildActionMask = 2147483647;
			files = (
			);
			runOnlyForDeploymentPostprocessing = 0;
		};
		D856F43127083E330013A1A6 /* Resources */ = {
			isa = PBXResourcesBuildPhase;
			buildActionMask = 2147483647;
			files = (
			);
			runOnlyForDeploymentPostprocessing = 0;
		};
/* End PBXResourcesBuildPhase section */

/* Begin PBXSourcesBuildPhase section */
		D856F40B27083E300013A1A6 /* Sources */ = {
			isa = PBXSourcesBuildPhase;
			buildActionMask = 2147483647;
			files = (
				D87BB55E2712217D0072EFD9 /* CharacterListDataFormatter.swift in Sources */,
				D856F46F270866B00013A1A6 /* FavoriteViewBuilder.swift in Sources */,
				D87887422709F1AF00F0574C /* PageViewComponent.swift in Sources */,
				D8788761270A022000F0574C /* TutorialViewBuilder.swift in Sources */,
				D856F49E2708AAE50013A1A6 /* CustomImageViewComponent.swift in Sources */,
				D856F4972708A9360013A1A6 /* ItemTableViewCell.swift in Sources */,
				D856F463270852410013A1A6 /* MainTabBarBuilder.swift in Sources */,
				D856F48727086D840013A1A6 /* CharacterListViewModel.swift in Sources */,
				D856F48327086D6B0013A1A6 /* CharacterListViewController.swift in Sources */,
				D856F48E270870A80013A1A6 /* SampleTest.swift in Sources */,
				D878875D2709FF1200F0574C /* TutorialViewController.swift in Sources */,
				D856F448270843200013A1A6 /* MainViewModel.swift in Sources */,
				D87887492709F41000F0574C /* PageViewDataProtocol.swift in Sources */,
				D87BB553271179070072EFD9 /* CharacterListViewState.swift in Sources */,
				D856F41727083E300013A1A6 /* ViewController.swift in Sources */,
				D856F41327083E300013A1A6 /* AppDelegate.swift in Sources */,
				D87BB55827121FB60072EFD9 /* ApplicationGeneralInfoManager.swift in Sources */,
				D856F48B27086F5D0013A1A6 /* ItemListView.swift in Sources */,
				D87BB5632712356B0072EFD9 /* UserDefaultsWrapperHelper.swift in Sources */,
				D856F4992708A9430013A1A6 /* ItemTableViewCellData.swift in Sources */,
				D87887442709F1D200F0574C /* PageViewComponentData.swift in Sources */,
				D856F4A02708AB5A0013A1A6 /* CustomImageViewComponentData.swift in Sources */,
				D856F45B270845CA0013A1A6 /* GenericBaseView.swift in Sources */,
				D87887B6270CC98B00F0574C /* MarvelCharactersResponse.swift in Sources */,
				D856F47B2708671C0013A1A6 /* TabBarImages.swift in Sources */,
				D878874D2709FBAB00F0574C /* GenericImageContainerViewBuilder.swift in Sources */,
				D856F44C2708434F0013A1A6 /* MainViewController.swift in Sources */,
				D87887542709FE7000F0574C /* ViewController2.swift in Sources */,
				D8788766270A027A00F0574C /* PageViewImages.swift in Sources */,
				D87BB55A27121FF50072EFD9 /* ApplicationGeneralInfoProtocol.swift in Sources */,
				D87BB55527121B1F0072EFD9 /* LabelDistributionData.swift in Sources */,
				D856F4942708A8AF0013A1A6 /* ItemListProtocol.swift in Sources */,
				D856F4A22708BF2E0013A1A6 /* CustomImageViewComponentContainer.swift in Sources */,
				D856F46B270859A00013A1A6 /* FavoriteViewController.swift in Sources */,
				D856F4A72708BFBD0013A1A6 /* LabelPackComponentData.swift in Sources */,
				D87887522709FD2A00F0574C /* ViewController1.swift in Sources */,
				D856F45C270845CA0013A1A6 /* GenericValueProtocol.swift in Sources */,
				D87887582709FEA600F0574C /* ViewController4.swift in Sources */,
				D856F44E2708435D0013A1A6 /* MainViewBuilder.swift in Sources */,
				D87887562709FE9200F0574C /* ViewController3.swift in Sources */,
				D856F4AE2708C0360013A1A6 /* FontManager.swift in Sources */,
				D856F4AB2708C00A0013A1A6 /* ImageCacheManager.swift in Sources */,
				D878874F2709FC1100F0574C /* GenericImageContainer.swift in Sources */,
				D87887BD27104A4300F0574C /* MarvelCharactersApiServiceProvider.swift in Sources */,
				D878875A2709FEC400F0574C /* ViewContoller5.swift in Sources */,
				D856F461270851AF0013A1A6 /* MainTabBarController.swift in Sources */,
				D878875F2709FF3400F0574C /* TutorialViewModel.swift in Sources */,
				D8788764270A025600F0574C /* UIApplication+Extension.swift in Sources */,
				D856F4922708A7E70013A1A6 /* GenericDataProtocol.swift in Sources */,
				D856F4902708A6850013A1A6 /* BaseTableViewCell.swift in Sources */,
				D87887472709F3E200F0574C /* GenericImageContainerData.swift in Sources */,
				D856F45A270845CA0013A1A6 /* BaseViewController.swift in Sources */,
				D87BB55C271221570072EFD9 /* CharacterListDataFormatterProtocol.swift in Sources */,
				D856F49C2708AAAB0013A1A6 /* CustomImageLoadingType.swift in Sources */,
				D878874B2709FABC00F0574C /* GenericImageContainerViewModel.swift in Sources */,
				D856F41527083E300013A1A6 /* SceneDelegate.swift in Sources */,
				D856F4A52708BFB00013A1A6 /* LabelPackComponent.swift in Sources */,
				D856F41D27083E300013A1A6 /* ios_Week_3.xcdatamodeld in Sources */,
				D87887BB27104A0400F0574C /* BaseRequest.swift in Sources */,
				D87BB5612712352A0072EFD9 /* TutorialViewInfoStore.swift in Sources */,
				D856F48527086D760013A1A6 /* CharacterListViewBuilder.swift in Sources */,
				D856F46E270866B00013A1A6 /* FavoriteViewModel.swift in Sources */,
				D856F45E27084C040013A1A6 /* TestViewController.swift in Sources */,
				D856F459270845CA0013A1A6 /* BaseView.swift in Sources */,
			);
			runOnlyForDeploymentPostprocessing = 0;
		};
		D856F42427083E330013A1A6 /* Sources */ = {
			isa = PBXSourcesBuildPhase;
			buildActionMask = 2147483647;
			files = (
				D856F42D27083E330013A1A6 /* ios_Week_3Tests.swift in Sources */,
			);
			runOnlyForDeploymentPostprocessing = 0;
		};
		D856F42F27083E330013A1A6 /* Sources */ = {
			isa = PBXSourcesBuildPhase;
			buildActionMask = 2147483647;
			files = (
				D856F43827083E330013A1A6 /* ios_Week_3UITests.swift in Sources */,
			);
			runOnlyForDeploymentPostprocessing = 0;
		};
/* End PBXSourcesBuildPhase section */

/* Begin PBXTargetDependency section */
		D856F42A27083E330013A1A6 /* PBXTargetDependency */ = {
			isa = PBXTargetDependency;
			target = D856F40E27083E300013A1A6 /* ios_Week_3 */;
			targetProxy = D856F42927083E330013A1A6 /* PBXContainerItemProxy */;
		};
		D856F43527083E330013A1A6 /* PBXTargetDependency */ = {
			isa = PBXTargetDependency;
			target = D856F40E27083E300013A1A6 /* ios_Week_3 */;
			targetProxy = D856F43427083E330013A1A6 /* PBXContainerItemProxy */;
		};
/* End PBXTargetDependency section */

/* Begin PBXVariantGroup section */
		D856F42027083E330013A1A6 /* LaunchScreen.storyboard */ = {
			isa = PBXVariantGroup;
			children = (
				D856F42127083E330013A1A6 /* Base */,
			);
			name = LaunchScreen.storyboard;
			sourceTree = "<group>";
		};
/* End PBXVariantGroup section */

/* Begin XCBuildConfiguration section */
		D856F43A27083E330013A1A6 /* Debug */ = {
			isa = XCBuildConfiguration;
			buildSettings = {
				ALWAYS_SEARCH_USER_PATHS = NO;
				CLANG_ANALYZER_NONNULL = YES;
				CLANG_ANALYZER_NUMBER_OBJECT_CONVERSION = YES_AGGRESSIVE;
				CLANG_CXX_LANGUAGE_STANDARD = "gnu++14";
				CLANG_CXX_LIBRARY = "libc++";
				CLANG_ENABLE_MODULES = YES;
				CLANG_ENABLE_OBJC_ARC = YES;
				CLANG_ENABLE_OBJC_WEAK = YES;
				CLANG_WARN_BLOCK_CAPTURE_AUTORELEASING = YES;
				CLANG_WARN_BOOL_CONVERSION = YES;
				CLANG_WARN_COMMA = YES;
				CLANG_WARN_CONSTANT_CONVERSION = YES;
				CLANG_WARN_DEPRECATED_OBJC_IMPLEMENTATIONS = YES;
				CLANG_WARN_DIRECT_OBJC_ISA_USAGE = YES_ERROR;
				CLANG_WARN_DOCUMENTATION_COMMENTS = YES;
				CLANG_WARN_EMPTY_BODY = YES;
				CLANG_WARN_ENUM_CONVERSION = YES;
				CLANG_WARN_INFINITE_RECURSION = YES;
				CLANG_WARN_INT_CONVERSION = YES;
				CLANG_WARN_NON_LITERAL_NULL_CONVERSION = YES;
				CLANG_WARN_OBJC_IMPLICIT_RETAIN_SELF = YES;
				CLANG_WARN_OBJC_LITERAL_CONVERSION = YES;
				CLANG_WARN_OBJC_ROOT_CLASS = YES_ERROR;
				CLANG_WARN_QUOTED_INCLUDE_IN_FRAMEWORK_HEADER = YES;
				CLANG_WARN_RANGE_LOOP_ANALYSIS = YES;
				CLANG_WARN_STRICT_PROTOTYPES = YES;
				CLANG_WARN_SUSPICIOUS_MOVE = YES;
				CLANG_WARN_UNGUARDED_AVAILABILITY = YES_AGGRESSIVE;
				CLANG_WARN_UNREACHABLE_CODE = YES;
				CLANG_WARN__DUPLICATE_METHOD_MATCH = YES;
				COPY_PHASE_STRIP = NO;
				DEBUG_INFORMATION_FORMAT = dwarf;
				ENABLE_STRICT_OBJC_MSGSEND = YES;
				ENABLE_TESTABILITY = YES;
				GCC_C_LANGUAGE_STANDARD = gnu11;
				GCC_DYNAMIC_NO_PIC = NO;
				GCC_NO_COMMON_BLOCKS = YES;
				GCC_OPTIMIZATION_LEVEL = 0;
				GCC_PREPROCESSOR_DEFINITIONS = (
					"DEBUG=1",
					"$(inherited)",
				);
				GCC_WARN_64_TO_32_BIT_CONVERSION = YES;
				GCC_WARN_ABOUT_RETURN_TYPE = YES_ERROR;
				GCC_WARN_UNDECLARED_SELECTOR = YES;
				GCC_WARN_UNINITIALIZED_AUTOS = YES_AGGRESSIVE;
				GCC_WARN_UNUSED_FUNCTION = YES;
				GCC_WARN_UNUSED_VARIABLE = YES;
				IPHONEOS_DEPLOYMENT_TARGET = 14.5;
				MTL_ENABLE_DEBUG_INFO = INCLUDE_SOURCE;
				MTL_FAST_MATH = YES;
				ONLY_ACTIVE_ARCH = YES;
				SDKROOT = iphoneos;
				SWIFT_ACTIVE_COMPILATION_CONDITIONS = DEBUG;
				SWIFT_OPTIMIZATION_LEVEL = "-Onone";
			};
			name = Debug;
		};
		D856F43B27083E330013A1A6 /* Release */ = {
			isa = XCBuildConfiguration;
			buildSettings = {
				ALWAYS_SEARCH_USER_PATHS = NO;
				CLANG_ANALYZER_NONNULL = YES;
				CLANG_ANALYZER_NUMBER_OBJECT_CONVERSION = YES_AGGRESSIVE;
				CLANG_CXX_LANGUAGE_STANDARD = "gnu++14";
				CLANG_CXX_LIBRARY = "libc++";
				CLANG_ENABLE_MODULES = YES;
				CLANG_ENABLE_OBJC_ARC = YES;
				CLANG_ENABLE_OBJC_WEAK = YES;
				CLANG_WARN_BLOCK_CAPTURE_AUTORELEASING = YES;
				CLANG_WARN_BOOL_CONVERSION = YES;
				CLANG_WARN_COMMA = YES;
				CLANG_WARN_CONSTANT_CONVERSION = YES;
				CLANG_WARN_DEPRECATED_OBJC_IMPLEMENTATIONS = YES;
				CLANG_WARN_DIRECT_OBJC_ISA_USAGE = YES_ERROR;
				CLANG_WARN_DOCUMENTATION_COMMENTS = YES;
				CLANG_WARN_EMPTY_BODY = YES;
				CLANG_WARN_ENUM_CONVERSION = YES;
				CLANG_WARN_INFINITE_RECURSION = YES;
				CLANG_WARN_INT_CONVERSION = YES;
				CLANG_WARN_NON_LITERAL_NULL_CONVERSION = YES;
				CLANG_WARN_OBJC_IMPLICIT_RETAIN_SELF = YES;
				CLANG_WARN_OBJC_LITERAL_CONVERSION = YES;
				CLANG_WARN_OBJC_ROOT_CLASS = YES_ERROR;
				CLANG_WARN_QUOTED_INCLUDE_IN_FRAMEWORK_HEADER = YES;
				CLANG_WARN_RANGE_LOOP_ANALYSIS = YES;
				CLANG_WARN_STRICT_PROTOTYPES = YES;
				CLANG_WARN_SUSPICIOUS_MOVE = YES;
				CLANG_WARN_UNGUARDED_AVAILABILITY = YES_AGGRESSIVE;
				CLANG_WARN_UNREACHABLE_CODE = YES;
				CLANG_WARN__DUPLICATE_METHOD_MATCH = YES;
				COPY_PHASE_STRIP = NO;
				DEBUG_INFORMATION_FORMAT = "dwarf-with-dsym";
				ENABLE_NS_ASSERTIONS = NO;
				ENABLE_STRICT_OBJC_MSGSEND = YES;
				GCC_C_LANGUAGE_STANDARD = gnu11;
				GCC_NO_COMMON_BLOCKS = YES;
				GCC_WARN_64_TO_32_BIT_CONVERSION = YES;
				GCC_WARN_ABOUT_RETURN_TYPE = YES_ERROR;
				GCC_WARN_UNDECLARED_SELECTOR = YES;
				GCC_WARN_UNINITIALIZED_AUTOS = YES_AGGRESSIVE;
				GCC_WARN_UNUSED_FUNCTION = YES;
				GCC_WARN_UNUSED_VARIABLE = YES;
				IPHONEOS_DEPLOYMENT_TARGET = 14.5;
				MTL_ENABLE_DEBUG_INFO = NO;
				MTL_FAST_MATH = YES;
				SDKROOT = iphoneos;
				SWIFT_COMPILATION_MODE = wholemodule;
				SWIFT_OPTIMIZATION_LEVEL = "-O";
				VALIDATE_PRODUCT = YES;
			};
			name = Release;
		};
		D856F43D27083E330013A1A6 /* Debug */ = {
			isa = XCBuildConfiguration;
			buildSettings = {
				ASSETCATALOG_COMPILER_APPICON_NAME = AppIcon;
				ASSETCATALOG_COMPILER_GLOBAL_ACCENT_COLOR_NAME = AccentColor;
				CODE_SIGN_STYLE = Automatic;
				DEVELOPMENT_TEAM = 7LSPRM5R8H;
				INFOPLIST_FILE = ios_Week_3/Info.plist;
				LD_RUNPATH_SEARCH_PATHS = (
					"$(inherited)",
					"@executable_path/Frameworks",
				);
				PRODUCT_BUNDLE_IDENTIFIER = "com.dogukaan.ios-Week-3";
				PRODUCT_NAME = "$(TARGET_NAME)";
				SWIFT_VERSION = 5.0;
				TARGETED_DEVICE_FAMILY = "1,2";
			};
			name = Debug;
		};
		D856F43E27083E330013A1A6 /* Release */ = {
			isa = XCBuildConfiguration;
			buildSettings = {
				ASSETCATALOG_COMPILER_APPICON_NAME = AppIcon;
				ASSETCATALOG_COMPILER_GLOBAL_ACCENT_COLOR_NAME = AccentColor;
				CODE_SIGN_STYLE = Automatic;
				DEVELOPMENT_TEAM = 7LSPRM5R8H;
				INFOPLIST_FILE = ios_Week_3/Info.plist;
				LD_RUNPATH_SEARCH_PATHS = (
					"$(inherited)",
					"@executable_path/Frameworks",
				);
				PRODUCT_BUNDLE_IDENTIFIER = "com.dogukaan.ios-Week-3";
				PRODUCT_NAME = "$(TARGET_NAME)";
				SWIFT_VERSION = 5.0;
				TARGETED_DEVICE_FAMILY = "1,2";
			};
			name = Release;
		};
		D856F44027083E330013A1A6 /* Debug */ = {
			isa = XCBuildConfiguration;
			buildSettings = {
				ALWAYS_EMBED_SWIFT_STANDARD_LIBRARIES = YES;
				BUNDLE_LOADER = "$(TEST_HOST)";
				CODE_SIGN_STYLE = Automatic;
				DEVELOPMENT_TEAM = 7LSPRM5R8H;
				INFOPLIST_FILE = ios_Week_3Tests/Info.plist;
				IPHONEOS_DEPLOYMENT_TARGET = 14.5;
				LD_RUNPATH_SEARCH_PATHS = (
					"$(inherited)",
					"@executable_path/Frameworks",
					"@loader_path/Frameworks",
				);
				PRODUCT_BUNDLE_IDENTIFIER = "com.dogukaan.ios-Week-3Tests";
				PRODUCT_NAME = "$(TARGET_NAME)";
				SWIFT_VERSION = 5.0;
				TARGETED_DEVICE_FAMILY = "1,2";
				TEST_HOST = "$(BUILT_PRODUCTS_DIR)/ios_Week_3.app/ios_Week_3";
			};
			name = Debug;
		};
		D856F44127083E330013A1A6 /* Release */ = {
			isa = XCBuildConfiguration;
			buildSettings = {
				ALWAYS_EMBED_SWIFT_STANDARD_LIBRARIES = YES;
				BUNDLE_LOADER = "$(TEST_HOST)";
				CODE_SIGN_STYLE = Automatic;
				DEVELOPMENT_TEAM = 7LSPRM5R8H;
				INFOPLIST_FILE = ios_Week_3Tests/Info.plist;
				IPHONEOS_DEPLOYMENT_TARGET = 14.5;
				LD_RUNPATH_SEARCH_PATHS = (
					"$(inherited)",
					"@executable_path/Frameworks",
					"@loader_path/Frameworks",
				);
				PRODUCT_BUNDLE_IDENTIFIER = "com.dogukaan.ios-Week-3Tests";
				PRODUCT_NAME = "$(TARGET_NAME)";
				SWIFT_VERSION = 5.0;
				TARGETED_DEVICE_FAMILY = "1,2";
				TEST_HOST = "$(BUILT_PRODUCTS_DIR)/ios_Week_3.app/ios_Week_3";
			};
			name = Release;
		};
		D856F44327083E330013A1A6 /* Debug */ = {
			isa = XCBuildConfiguration;
			buildSettings = {
				ALWAYS_EMBED_SWIFT_STANDARD_LIBRARIES = YES;
				CODE_SIGN_STYLE = Automatic;
				DEVELOPMENT_TEAM = 7LSPRM5R8H;
				INFOPLIST_FILE = ios_Week_3UITests/Info.plist;
				LD_RUNPATH_SEARCH_PATHS = (
					"$(inherited)",
					"@executable_path/Frameworks",
					"@loader_path/Frameworks",
				);
				PRODUCT_BUNDLE_IDENTIFIER = "com.dogukaan.ios-Week-3UITests";
				PRODUCT_NAME = "$(TARGET_NAME)";
				SWIFT_VERSION = 5.0;
				TARGETED_DEVICE_FAMILY = "1,2";
				TEST_TARGET_NAME = ios_Week_3;
			};
			name = Debug;
		};
		D856F44427083E330013A1A6 /* Release */ = {
			isa = XCBuildConfiguration;
			buildSettings = {
				ALWAYS_EMBED_SWIFT_STANDARD_LIBRARIES = YES;
				CODE_SIGN_STYLE = Automatic;
				DEVELOPMENT_TEAM = 7LSPRM5R8H;
				INFOPLIST_FILE = ios_Week_3UITests/Info.plist;
				LD_RUNPATH_SEARCH_PATHS = (
					"$(inherited)",
					"@executable_path/Frameworks",
					"@loader_path/Frameworks",
				);
				PRODUCT_BUNDLE_IDENTIFIER = "com.dogukaan.ios-Week-3UITests";
				PRODUCT_NAME = "$(TARGET_NAME)";
				SWIFT_VERSION = 5.0;
				TARGETED_DEVICE_FAMILY = "1,2";
				TEST_TARGET_NAME = ios_Week_3;
			};
			name = Release;
		};
/* End XCBuildConfiguration section */

/* Begin XCConfigurationList section */
		D856F40A27083E300013A1A6 /* Build configuration list for PBXProject "ios_Week_3" */ = {
			isa = XCConfigurationList;
			buildConfigurations = (
				D856F43A27083E330013A1A6 /* Debug */,
				D856F43B27083E330013A1A6 /* Release */,
			);
			defaultConfigurationIsVisible = 0;
			defaultConfigurationName = Release;
		};
		D856F43C27083E330013A1A6 /* Build configuration list for PBXNativeTarget "ios_Week_3" */ = {
			isa = XCConfigurationList;
			buildConfigurations = (
				D856F43D27083E330013A1A6 /* Debug */,
				D856F43E27083E330013A1A6 /* Release */,
			);
			defaultConfigurationIsVisible = 0;
			defaultConfigurationName = Release;
		};
		D856F43F27083E330013A1A6 /* Build configuration list for PBXNativeTarget "ios_Week_3Tests" */ = {
			isa = XCConfigurationList;
			buildConfigurations = (
				D856F44027083E330013A1A6 /* Debug */,
				D856F44127083E330013A1A6 /* Release */,
			);
			defaultConfigurationIsVisible = 0;
			defaultConfigurationName = Release;
		};
		D856F44227083E330013A1A6 /* Build configuration list for PBXNativeTarget "ios_Week_3UITests" */ = {
			isa = XCConfigurationList;
			buildConfigurations = (
				D856F44327083E330013A1A6 /* Debug */,
				D856F44427083E330013A1A6 /* Release */,
			);
			defaultConfigurationIsVisible = 0;
			defaultConfigurationName = Release;
		};
/* End XCConfigurationList section */

/* Begin XCRemoteSwiftPackageReference section */
		D87BB567271338200072EFD9 /* XCRemoteSwiftPackageReference "BaseComponents" */ = {
			isa = XCRemoteSwiftPackageReference;
			repositoryURL = "https://github.com/darkbringer1/BaseComponents.git";
			requirement = {
				kind = upToNextMajorVersion;
				minimumVersion = 1.0.0;
			};
		};
/* End XCRemoteSwiftPackageReference section */

/* Begin XCSwiftPackageProductDependency section */
		D87BB568271338200072EFD9 /* BaseComponents */ = {
			isa = XCSwiftPackageProductDependency;
			package = D87BB567271338200072EFD9 /* XCRemoteSwiftPackageReference "BaseComponents" */;
			productName = BaseComponents;
		};
/* End XCSwiftPackageProductDependency section */

/* Begin XCVersionGroup section */
		D856F41B27083E300013A1A6 /* ios_Week_3.xcdatamodeld */ = {
			isa = XCVersionGroup;
			children = (
				D856F41C27083E300013A1A6 /* ios_Week_3.xcdatamodel */,
			);
			currentVersion = D856F41C27083E300013A1A6 /* ios_Week_3.xcdatamodel */;
			path = ios_Week_3.xcdatamodeld;
			sourceTree = "<group>";
			versionGroupType = wrapper.xcdatamodel;
		};
/* End XCVersionGroup section */
	};
	rootObject = D856F40727083E300013A1A6 /* Project object */;
}
